
Microsoft Visual Studio Solution File, Format Version 12.00
# Visual Studio 2017
Project("{FAE04EC0-301F-11D3-BF4B-00C04F79EFBC}") = "MatchDozen", "MatchDozen.csproj", "{ECB67E71-6AB4-7874-EBF7-5E9E72967E71}"
EndProject
Project("{FAE04EC0-301F-11D3-BF4B-00C04F79EFBC}") = "MatchDozen.Editor", "MatchDozen.Editor.csproj", "{B39BC98C-7649-AD73-7FD0-A36B66024856}"
EndProject
Global
	GlobalSection(SolutionConfigurationPlatforms) = preSolution
		Debug|Any CPU = Debug|Any CPU
		Release|Any CPU = Release|Any CPU
	EndGlobalSection
	GlobalSection(ProjectConfigurationPlatforms) = postSolution
		{ECB67E71-6AB4-7874-EBF7-5E9E72967E71}.Debug|Any CPU.ActiveCfg = Debug|Any CPU
		{ECB67E71-6AB4-7874-EBF7-5E9E72967E71}.Debug|Any CPU.Build.0 = Debug|Any CPU
		{ECB67E71-6AB4-7874-EBF7-5E9E72967E71}.Release|Any CPU.ActiveCfg = Release|Any CPU
		{ECB67E71-6AB4-7874-EBF7-5E9E72967E71}.Release|Any CPU.Build.0 = Release|Any CPU
		{B39BC98C-7649-AD73-7FD0-A36B66024856}.Debug|Any CPU.ActiveCfg = Debug|Any CPU
		{B39BC98C-7649-AD73-7FD0-A36B66024856}.Debug|Any CPU.Build.0 = Debug|Any CPU
		{B39BC98C-7649-AD73-7FD0-A36B66024856}.Release|Any CPU.ActiveCfg = Release|Any CPU
		{B39BC98C-7649-AD73-7FD0-A36B66024856}.Release|Any CPU.Build.0 = Release|Any CPU
	EndGlobalSection
	GlobalSection(SolutionProperties) = preSolution
		HideSolutionNode = FALSE
	EndGlobalSection
EndGlobal
